
Microsoft Visual Studio Solution File, Format Version 12.00
# Visual Studio Version 16
VisualStudioVersion = 16.0.30907.101
MinimumVisualStudioVersion = 10.0.40219.1
Project("{FAE04EC0-301F-11D3-BF4B-00C04F79EFBC}") = "DailyDataFormat", "DailyDataFormat\DailyDataFormat.csproj", "{593290BB-776F-4763-8B11-BABC5B8C7E5F}"
EndProject
Project("{FAE04EC0-301F-11D3-BF4B-00C04F79EFBC}") = "GetDataAndFormat", "GetDataAndFormat\GetDataAndFormat.csproj", "{CC6EF799-FD1B-4A91-8559-CCC63483C0AA}"
EndProject
Global
	GlobalSection(SolutionConfigurationPlatforms) = preSolution
		Debug|Any CPU = Debug|Any CPU
		Release|Any CPU = Release|Any CPU
	EndGlobalSection
	GlobalSection(ProjectConfigurationPlatforms) = postSolution
		{593290BB-776F-4763-8B11-BABC5B8C7E5F}.Debug|Any CPU.ActiveCfg = Debug|Any CPU
		{593290BB-776F-4763-8B11-BABC5B8C7E5F}.Debug|Any CPU.Build.0 = Debug|Any CPU
		{593290BB-776F-4763-8B11-BABC5B8C7E5F}.Release|Any CPU.ActiveCfg = Release|Any CPU
		{593290BB-776F-4763-8B11-BABC5B8C7E5F}.Release|Any CPU.Build.0 = Release|Any CPU
		{CC6EF799-FD1B-4A91-8559-CCC63483C0AA}.Debug|Any CPU.ActiveCfg = Debug|Any CPU
		{CC6EF799-FD1B-4A91-8559-CCC63483C0AA}.Debug|Any CPU.Build.0 = Debug|Any CPU
		{CC6EF799-FD1B-4A91-8559-CCC63483C0AA}.Release|Any CPU.ActiveCfg = Release|Any CPU
		{CC6EF799-FD1B-4A91-8559-CCC63483C0AA}.Release|Any CPU.Build.0 = Release|Any CPU
	EndGlobalSection
	GlobalSection(SolutionProperties) = preSolution
		HideSolutionNode = FALSE
	EndGlobalSection
	GlobalSection(ExtensibilityGlobals) = postSolution
		SolutionGuid = {87D7BF24-15A0-4CA5-B623-6D454E77D038}
	EndGlobalSection
EndGlobal
